// !$*UTF8*$!
{
	archiveVersion = 1;
	classes = {
	};
	objectVersion = 51;
	objects = {

/* Begin PBXBuildFile section */
		3300542D23DA180400673C81 /* AppDelegate.swift in Sources */ = {isa = PBXBuildFile; fileRef = 3300542C23DA180400673C81 /* AppDelegate.swift */; };
		3300542F23DA180400673C81 /* SceneDelegate.swift in Sources */ = {isa = PBXBuildFile; fileRef = 3300542E23DA180400673C81 /* SceneDelegate.swift */; };
		3300543123DA180400673C81 /* ViewController.swift in Sources */ = {isa = PBXBuildFile; fileRef = 3300543023DA180400673C81 /* ViewController.swift */; };
		3300543423DA180400673C81 /* Day1.storyboard in Resources */ = {isa = PBXBuildFile; fileRef = 3300543223DA180400673C81 /* Day1.storyboard */; };
		3300543623DA180700673C81 /* Assets.xcassets in Resources */ = {isa = PBXBuildFile; fileRef = 3300543523DA180700673C81 /* Assets.xcassets */; };
		3300543923DA180700673C81 /* LaunchScreen.storyboard in Resources */ = {isa = PBXBuildFile; fileRef = 3300543723DA180700673C81 /* LaunchScreen.storyboard */; };
		3300544323DA188F00673C81 /* ScrollVC.swift in Sources */ = {isa = PBXBuildFile; fileRef = 3300544123DA188F00673C81 /* ScrollVC.swift */; };
		3300544423DA188F00673C81 /* ScrollVC.xib in Resources */ = {isa = PBXBuildFile; fileRef = 3300544223DA188F00673C81 /* ScrollVC.xib */; };
		3300544623DA217300673C81 /* UIViewController+extensions.swift in Sources */ = {isa = PBXBuildFile; fileRef = 3300544523DA217300673C81 /* UIViewController+extensions.swift */; };
		3300544A23DA314100673C81 /* UIScrollView+extensions.swift in Sources */ = {isa = PBXBuildFile; fileRef = 3300544923DA314100673C81 /* UIScrollView+extensions.swift */; };
		3309913523E277E100880CC5 /* UILayoutGuide+extensions.swift in Sources */ = {isa = PBXBuildFile; fileRef = 3309913423E277E100880CC5 /* UILayoutGuide+extensions.swift */; };
		33232DBE23F29D5500CF722D /* PastBoxesDetailVC.swift in Sources */ = {isa = PBXBuildFile; fileRef = 33232DBD23F29D5500CF722D /* PastBoxesDetailVC.swift */; };
		33232DC023F2A3B900CF722D /* BoxDetailCell.swift in Sources */ = {isa = PBXBuildFile; fileRef = 33232DBF23F2A3B900CF722D /* BoxDetailCell.swift */; };
		33232DC323F3207200CF722D /* Box.swift in Sources */ = {isa = PBXBuildFile; fileRef = 33232DC223F3207200CF722D /* Box.swift */; };
		33232DC523F3248B00CF722D /* BoxCategory.swift in Sources */ = {isa = PBXBuildFile; fileRef = 33232DC423F3248B00CF722D /* BoxCategory.swift */; };
		33232DC923F324D900CF722D /* BoxItem.swift in Sources */ = {isa = PBXBuildFile; fileRef = 33232DC823F324D900CF722D /* BoxItem.swift */; };
		33232DCB23F324DE00CF722D /* User.swift in Sources */ = {isa = PBXBuildFile; fileRef = 33232DCA23F324DE00CF722D /* User.swift */; };
		33232DCE23F3276600CF722D /* AnimatedCollectionVC.swift in Sources */ = {isa = PBXBuildFile; fileRef = 33232DCD23F3276600CF722D /* AnimatedCollectionVC.swift */; };
		33232DD023F3279300CF722D /* MyCollectionViewCell.swift in Sources */ = {isa = PBXBuildFile; fileRef = 33232DCF23F3279300CF722D /* MyCollectionViewCell.swift */; };
		33232DD223F327BD00CF722D /* MyFlowLayout.swift in Sources */ = {isa = PBXBuildFile; fileRef = 33232DD123F327BD00CF722D /* MyFlowLayout.swift */; };
		3329A61323E359D800A8FDB5 /* OnboardingPageView.swift in Sources */ = {isa = PBXBuildFile; fileRef = 3329A61223E359D800A8FDB5 /* OnboardingPageView.swift */; };
		3329A61723E365A300A8FDB5 /* MyXibView.swift in Sources */ = {isa = PBXBuildFile; fileRef = 3329A61623E365A300A8FDB5 /* MyXibView.swift */; };
		3329A61923E365AB00A8FDB5 /* MyXibView.xib in Resources */ = {isa = PBXBuildFile; fileRef = 3329A61823E365AB00A8FDB5 /* MyXibView.xib */; };
		3329A61E23E36B7D00A8FDB5 /* Onboarding.swift in Sources */ = {isa = PBXBuildFile; fileRef = 3329A61D23E36B7D00A8FDB5 /* Onboarding.swift */; };
		3329A62223E36C8C00A8FDB5 /* Main.storyboard in Resources */ = {isa = PBXBuildFile; fileRef = 3329A62123E36C8C00A8FDB5 /* Main.storyboard */; };
		334599E823F7B099002C13D5 /* UnderlinedTextField.swift in Sources */ = {isa = PBXBuildFile; fileRef = 334599E723F7B099002C13D5 /* UnderlinedTextField.swift */; };
		334599EF23F7C32F002C13D5 /* UITextField+extensions.swift in Sources */ = {isa = PBXBuildFile; fileRef = 334599EE23F7C32F002C13D5 /* UITextField+extensions.swift */; };
		334599F723F7D615002C13D5 /* UIView+extensions.swift in Sources */ = {isa = PBXBuildFile; fileRef = 334599F623F7D615002C13D5 /* UIView+extensions.swift */; };
		334599F923F8AC3B002C13D5 /* UIColor+extensions.swift in Sources */ = {isa = PBXBuildFile; fileRef = 334599F823F8AC3B002C13D5 /* UIColor+extensions.swift */; };
		33459A1C23F8F55E002C13D5 /* Product.swift in Sources */ = {isa = PBXBuildFile; fileRef = 33459A1B23F8F55E002C13D5 /* Product.swift */; };
		33459A1F23F8FA74002C13D5 /* Day8VC.swift in Sources */ = {isa = PBXBuildFile; fileRef = 33459A1E23F8FA74002C13D5 /* Day8VC.swift */; };
		33459A2123F8FEFE002C13D5 /* PopupVC.swift in Sources */ = {isa = PBXBuildFile; fileRef = 33459A2023F8FEFE002C13D5 /* PopupVC.swift */; };
		33459A2323F920CD002C13D5 /* UIBarButton+extensions.swift in Sources */ = {isa = PBXBuildFile; fileRef = 33459A2223F920CD002C13D5 /* UIBarButton+extensions.swift */; };
		33459A2523F9C81A002C13D5 /* Service.swift in Sources */ = {isa = PBXBuildFile; fileRef = 33459A2423F9C81A002C13D5 /* Service.swift */; };
		33459A2723F9F703002C13D5 /* SettingsService.swift in Sources */ = {isa = PBXBuildFile; fileRef = 33459A2623F9F703002C13D5 /* SettingsService.swift */; };
		33459A2923FA0BFF002C13D5 /* UIImageView+extensions.swift in Sources */ = {isa = PBXBuildFile; fileRef = 33459A2823FA0BFF002C13D5 /* UIImageView+extensions.swift */; };
		334ED2F723EC8BB7002B5FF4 /* PastBoxesVC.swift in Sources */ = {isa = PBXBuildFile; fileRef = 334ED2F623EC8BB7002B5FF4 /* PastBoxesVC.swift */; };
		334ED2F923EC8BC1002B5FF4 /* LoginVC.swift in Sources */ = {isa = PBXBuildFile; fileRef = 334ED2F823EC8BC1002B5FF4 /* LoginVC.swift */; };
		334ED2FB23EC90A5002B5FF4 /* BoxCell.swift in Sources */ = {isa = PBXBuildFile; fileRef = 334ED2FA23EC90A5002B5FF4 /* BoxCell.swift */; };
		338CF12B23FA772A0074A6FE /* FeaturedSection.swift in Sources */ = {isa = PBXBuildFile; fileRef = 338CF12723FA77290074A6FE /* FeaturedSection.swift */; };
		338CF12C23FA772A0074A6FE /* BasicGridSection.swift in Sources */ = {isa = PBXBuildFile; fileRef = 338CF12823FA772A0074A6FE /* BasicGridSection.swift */; };
		338CF12D23FA772A0074A6FE /* FavoritesSection.swift in Sources */ = {isa = PBXBuildFile; fileRef = 338CF12923FA772A0074A6FE /* FavoritesSection.swift */; };
		338CF12E23FA772A0074A6FE /* TitleSection.swift in Sources */ = {isa = PBXBuildFile; fileRef = 338CF12A23FA772A0074A6FE /* TitleSection.swift */; };
		338CF13123FA77700074A6FE /* Section.swift in Sources */ = {isa = PBXBuildFile; fileRef = 338CF13023FA77700074A6FE /* Section.swift */; };
		338CF13C23FA79210074A6FE /* FeaturedCell.swift in Sources */ = {isa = PBXBuildFile; fileRef = 338CF13423FA79210074A6FE /* FeaturedCell.swift */; };
		338CF13D23FA79210074A6FE /* FavoritesCell.xib in Resources */ = {isa = PBXBuildFile; fileRef = 338CF13523FA79210074A6FE /* FavoritesCell.xib */; };
		338CF13E23FA79210074A6FE /* GridCell.swift in Sources */ = {isa = PBXBuildFile; fileRef = 338CF13623FA79210074A6FE /* GridCell.swift */; };
		338CF13F23FA79210074A6FE /* FeaturedCell.xib in Resources */ = {isa = PBXBuildFile; fileRef = 338CF13723FA79210074A6FE /* FeaturedCell.xib */; };
		338CF14023FA79210074A6FE /* GridCell.xib in Resources */ = {isa = PBXBuildFile; fileRef = 338CF13823FA79210074A6FE /* GridCell.xib */; };
		338CF14123FA79210074A6FE /* TitleCell.swift in Sources */ = {isa = PBXBuildFile; fileRef = 338CF13923FA79210074A6FE /* TitleCell.swift */; };
		338CF14223FA79210074A6FE /* TitleCell.xib in Resources */ = {isa = PBXBuildFile; fileRef = 338CF13A23FA79210074A6FE /* TitleCell.xib */; };
		338CF14323FA79210074A6FE /* FavoritesCell.swift in Sources */ = {isa = PBXBuildFile; fileRef = 338CF13B23FA79210074A6FE /* FavoritesCell.swift */; };
		3397D76323E0AB62000C59D4 /* CodingConstraintVC.swift in Sources */ = {isa = PBXBuildFile; fileRef = 3397D76223E0AB62000C59D4 /* CodingConstraintVC.swift */; };
		3397D76523E0BA40000C59D4 /* Day4OnboardingVC.swift in Sources */ = {isa = PBXBuildFile; fileRef = 3397D76423E0BA40000C59D4 /* Day4OnboardingVC.swift */; };
		33A8BFC623ECA0BD00056A0F /* UINavigtaionController+extensions.swift in Sources */ = {isa = PBXBuildFile; fileRef = 33A8BFC523ECA0BD00056A0F /* UINavigtaionController+extensions.swift */; };
		33A8BFCB23ECAA7500056A0F /* HomeVC.swift in Sources */ = {isa = PBXBuildFile; fileRef = 33A8BFCA23ECAA7500056A0F /* HomeVC.swift */; };
		33A8BFCD23ECABBC00056A0F /* UIButton+extensions.swift in Sources */ = {isa = PBXBuildFile; fileRef = 33A8BFCC23ECABBC00056A0F /* UIButton+extensions.swift */; };
		33B2A18023F52B6300AF03CA /* NewBoxVC.swift in Sources */ = {isa = PBXBuildFile; fileRef = 33B2A17F23F52B6300AF03CA /* NewBoxVC.swift */; };
		33B2A18223F52BC300AF03CA /* NewBoxCell.swift in Sources */ = {isa = PBXBuildFile; fileRef = 33B2A18123F52BC300AF03CA /* NewBoxCell.swift */; };
		33B2A18423F52F4400AF03CA /* NewBoxCellFlowLayout.swift in Sources */ = {isa = PBXBuildFile; fileRef = 33B2A18323F52F4400AF03CA /* NewBoxCellFlowLayout.swift */; };
		33CA319C23E565A8009AA3DF /* CollectionViewCell.swift in Sources */ = {isa = PBXBuildFile; fileRef = 33CA319A23E565A8009AA3DF /* CollectionViewCell.swift */; };
		33CA319D23E565A8009AA3DF /* CollectionViewCell.xib in Resources */ = {isa = PBXBuildFile; fileRef = 33CA319B23E565A8009AA3DF /* CollectionViewCell.xib */; };
		33CA31A223E56A6F009AA3DF /* CollectionVC.swift in Sources */ = {isa = PBXBuildFile; fileRef = 33CA31A123E56A6F009AA3DF /* CollectionVC.swift */; };
		33CA31B323E75772009AA3DF /* ChartsVC.swift in Sources */ = {isa = PBXBuildFile; fileRef = 33CA31B223E75772009AA3DF /* ChartsVC.swift */; };
		33CA31B623E79FAD009AA3DF /* Constants.swift in Sources */ = {isa = PBXBuildFile; fileRef = 33CA31B523E79FAD009AA3DF /* Constants.swift */; };
		33CA31C423E9F060009AA3DF /* OnboardingVC.swift in Sources */ = {isa = PBXBuildFile; fileRef = 33CA31C323E9F060009AA3DF /* OnboardingVC.swift */; };
		33CA31C723E9F090009AA3DF /* OnboardingModel.swift in Sources */ = {isa = PBXBuildFile; fileRef = 33CA31C623E9F090009AA3DF /* OnboardingModel.swift */; };
		D8D8C5B70C10677BD7F811E4 /* Pods_MobileClasswork.framework in Frameworks */ = {isa = PBXBuildFile; fileRef = FA09746C6CD68F4FBA90F065 /* Pods_MobileClasswork.framework */; };
/* End PBXBuildFile section */

/* Begin PBXFileReference section */
		3300542923DA180400673C81 /* MobileClasswork.app */ = {isa = PBXFileReference; explicitFileType = wrapper.application; includeInIndex = 0; path = MobileClasswork.app; sourceTree = BUILT_PRODUCTS_DIR; };
		3300542C23DA180400673C81 /* AppDelegate.swift */ = {isa = PBXFileReference; lastKnownFileType = sourcecode.swift; path = AppDelegate.swift; sourceTree = "<group>"; };
		3300542E23DA180400673C81 /* SceneDelegate.swift */ = {isa = PBXFileReference; lastKnownFileType = sourcecode.swift; path = SceneDelegate.swift; sourceTree = "<group>"; };
		3300543023DA180400673C81 /* ViewController.swift */ = {isa = PBXFileReference; lastKnownFileType = sourcecode.swift; path = ViewController.swift; sourceTree = "<group>"; };
		3300543323DA180400673C81 /* Base */ = {isa = PBXFileReference; lastKnownFileType = file.storyboard; name = Base; path = Base.lproj/Day1.storyboard; sourceTree = "<group>"; };
		3300543523DA180700673C81 /* Assets.xcassets */ = {isa = PBXFileReference; lastKnownFileType = folder.assetcatalog; path = Assets.xcassets; sourceTree = "<group>"; };
		3300543823DA180700673C81 /* Base */ = {isa = PBXFileReference; lastKnownFileType = file.storyboard; name = Base; path = Base.lproj/LaunchScreen.storyboard; sourceTree = "<group>"; };
		3300543A23DA180700673C81 /* Info.plist */ = {isa = PBXFileReference; lastKnownFileType = text.plist.xml; path = Info.plist; sourceTree = "<group>"; };
		3300544123DA188F00673C81 /* ScrollVC.swift */ = {isa = PBXFileReference; lastKnownFileType = sourcecode.swift; path = ScrollVC.swift; sourceTree = "<group>"; };
		3300544223DA188F00673C81 /* ScrollVC.xib */ = {isa = PBXFileReference; lastKnownFileType = file.xib; path = ScrollVC.xib; sourceTree = "<group>"; };
		3300544523DA217300673C81 /* UIViewController+extensions.swift */ = {isa = PBXFileReference; lastKnownFileType = sourcecode.swift; path = "UIViewController+extensions.swift"; sourceTree = "<group>"; };
		3300544923DA314100673C81 /* UIScrollView+extensions.swift */ = {isa = PBXFileReference; lastKnownFileType = sourcecode.swift; path = "UIScrollView+extensions.swift"; sourceTree = "<group>"; };
		3309913423E277E100880CC5 /* UILayoutGuide+extensions.swift */ = {isa = PBXFileReference; lastKnownFileType = sourcecode.swift; path = "UILayoutGuide+extensions.swift"; sourceTree = "<group>"; };
		33232DBD23F29D5500CF722D /* PastBoxesDetailVC.swift */ = {isa = PBXFileReference; lastKnownFileType = sourcecode.swift; path = PastBoxesDetailVC.swift; sourceTree = "<group>"; };
		33232DBF23F2A3B900CF722D /* BoxDetailCell.swift */ = {isa = PBXFileReference; lastKnownFileType = sourcecode.swift; path = BoxDetailCell.swift; sourceTree = "<group>"; };
		33232DC223F3207200CF722D /* Box.swift */ = {isa = PBXFileReference; lastKnownFileType = sourcecode.swift; path = Box.swift; sourceTree = "<group>"; };
		33232DC423F3248B00CF722D /* BoxCategory.swift */ = {isa = PBXFileReference; lastKnownFileType = sourcecode.swift; path = BoxCategory.swift; sourceTree = "<group>"; };
		33232DC823F324D900CF722D /* BoxItem.swift */ = {isa = PBXFileReference; lastKnownFileType = sourcecode.swift; path = BoxItem.swift; sourceTree = "<group>"; };
		33232DCA23F324DE00CF722D /* User.swift */ = {isa = PBXFileReference; lastKnownFileType = sourcecode.swift; path = User.swift; sourceTree = "<group>"; };
		33232DCD23F3276600CF722D /* AnimatedCollectionVC.swift */ = {isa = PBXFileReference; lastKnownFileType = sourcecode.swift; path = AnimatedCollectionVC.swift; sourceTree = "<group>"; };
		33232DCF23F3279300CF722D /* MyCollectionViewCell.swift */ = {isa = PBXFileReference; lastKnownFileType = sourcecode.swift; path = MyCollectionViewCell.swift; sourceTree = "<group>"; };
		33232DD123F327BD00CF722D /* MyFlowLayout.swift */ = {isa = PBXFileReference; lastKnownFileType = sourcecode.swift; path = MyFlowLayout.swift; sourceTree = "<group>"; };
		3329A61223E359D800A8FDB5 /* OnboardingPageView.swift */ = {isa = PBXFileReference; lastKnownFileType = sourcecode.swift; path = OnboardingPageView.swift; sourceTree = "<group>"; };
		3329A61623E365A300A8FDB5 /* MyXibView.swift */ = {isa = PBXFileReference; lastKnownFileType = sourcecode.swift; path = MyXibView.swift; sourceTree = "<group>"; };
		3329A61823E365AB00A8FDB5 /* MyXibView.xib */ = {isa = PBXFileReference; lastKnownFileType = file.xib; path = MyXibView.xib; sourceTree = "<group>"; };
		3329A61D23E36B7D00A8FDB5 /* Onboarding.swift */ = {isa = PBXFileReference; lastKnownFileType = sourcecode.swift; path = Onboarding.swift; sourceTree = "<group>"; };
		3329A62123E36C8C00A8FDB5 /* Main.storyboard */ = {isa = PBXFileReference; lastKnownFileType = file.storyboard; path = Main.storyboard; sourceTree = "<group>"; };
		334599E723F7B099002C13D5 /* UnderlinedTextField.swift */ = {isa = PBXFileReference; lastKnownFileType = sourcecode.swift; path = UnderlinedTextField.swift; sourceTree = "<group>"; };
		334599EE23F7C32F002C13D5 /* UITextField+extensions.swift */ = {isa = PBXFileReference; lastKnownFileType = sourcecode.swift; path = "UITextField+extensions.swift"; sourceTree = "<group>"; };
		334599F623F7D615002C13D5 /* UIView+extensions.swift */ = {isa = PBXFileReference; lastKnownFileType = sourcecode.swift; path = "UIView+extensions.swift"; sourceTree = "<group>"; };
		334599F823F8AC3B002C13D5 /* UIColor+extensions.swift */ = {isa = PBXFileReference; lastKnownFileType = sourcecode.swift; path = "UIColor+extensions.swift"; sourceTree = "<group>"; };
		33459A1B23F8F55E002C13D5 /* Product.swift */ = {isa = PBXFileReference; lastKnownFileType = sourcecode.swift; path = Product.swift; sourceTree = "<group>"; };
		33459A1E23F8FA74002C13D5 /* Day8VC.swift */ = {isa = PBXFileReference; lastKnownFileType = sourcecode.swift; path = Day8VC.swift; sourceTree = "<group>"; };
		33459A2023F8FEFE002C13D5 /* PopupVC.swift */ = {isa = PBXFileReference; lastKnownFileType = sourcecode.swift; path = PopupVC.swift; sourceTree = "<group>"; };
		33459A2223F920CD002C13D5 /* UIBarButton+extensions.swift */ = {isa = PBXFileReference; lastKnownFileType = sourcecode.swift; path = "UIBarButton+extensions.swift"; sourceTree = "<group>"; };
		33459A2423F9C81A002C13D5 /* Service.swift */ = {isa = PBXFileReference; lastKnownFileType = sourcecode.swift; path = Service.swift; sourceTree = "<group>"; };
		33459A2623F9F703002C13D5 /* SettingsService.swift */ = {isa = PBXFileReference; lastKnownFileType = sourcecode.swift; path = SettingsService.swift; sourceTree = "<group>"; };
		33459A2823FA0BFF002C13D5 /* UIImageView+extensions.swift */ = {isa = PBXFileReference; lastKnownFileType = sourcecode.swift; path = "UIImageView+extensions.swift"; sourceTree = "<group>"; };
		334ED2F623EC8BB7002B5FF4 /* PastBoxesVC.swift */ = {isa = PBXFileReference; lastKnownFileType = sourcecode.swift; path = PastBoxesVC.swift; sourceTree = "<group>"; };
		334ED2F823EC8BC1002B5FF4 /* LoginVC.swift */ = {isa = PBXFileReference; lastKnownFileType = sourcecode.swift; path = LoginVC.swift; sourceTree = "<group>"; };
		334ED2FA23EC90A5002B5FF4 /* BoxCell.swift */ = {isa = PBXFileReference; lastKnownFileType = sourcecode.swift; path = BoxCell.swift; sourceTree = "<group>"; };
		338CF12723FA77290074A6FE /* FeaturedSection.swift */ = {isa = PBXFileReference; fileEncoding = 4; lastKnownFileType = sourcecode.swift; name = FeaturedSection.swift; path = ../FeaturedSection.swift; sourceTree = "<group>"; };
		338CF12823FA772A0074A6FE /* BasicGridSection.swift */ = {isa = PBXFileReference; fileEncoding = 4; lastKnownFileType = sourcecode.swift; name = BasicGridSection.swift; path = ../BasicGridSection.swift; sourceTree = "<group>"; };
		338CF12923FA772A0074A6FE /* FavoritesSection.swift */ = {isa = PBXFileReference; fileEncoding = 4; lastKnownFileType = sourcecode.swift; name = FavoritesSection.swift; path = ../FavoritesSection.swift; sourceTree = "<group>"; };
		338CF12A23FA772A0074A6FE /* TitleSection.swift */ = {isa = PBXFileReference; fileEncoding = 4; lastKnownFileType = sourcecode.swift; name = TitleSection.swift; path = ../TitleSection.swift; sourceTree = "<group>"; };
		338CF13023FA77700074A6FE /* Section.swift */ = {isa = PBXFileReference; fileEncoding = 4; lastKnownFileType = sourcecode.swift; name = Section.swift; path = ../Section.swift; sourceTree = "<group>"; };
		338CF13423FA79210074A6FE /* FeaturedCell.swift */ = {isa = PBXFileReference; fileEncoding = 4; lastKnownFileType = sourcecode.swift; path = FeaturedCell.swift; sourceTree = "<group>"; };
		338CF13523FA79210074A6FE /* FavoritesCell.xib */ = {isa = PBXFileReference; fileEncoding = 4; lastKnownFileType = file.xib; path = FavoritesCell.xib; sourceTree = "<group>"; };
		338CF13623FA79210074A6FE /* GridCell.swift */ = {isa = PBXFileReference; fileEncoding = 4; lastKnownFileType = sourcecode.swift; path = GridCell.swift; sourceTree = "<group>"; };
		338CF13723FA79210074A6FE /* FeaturedCell.xib */ = {isa = PBXFileReference; fileEncoding = 4; lastKnownFileType = file.xib; path = FeaturedCell.xib; sourceTree = "<group>"; };
		338CF13823FA79210074A6FE /* GridCell.xib */ = {isa = PBXFileReference; fileEncoding = 4; lastKnownFileType = file.xib; path = GridCell.xib; sourceTree = "<group>"; };
		338CF13923FA79210074A6FE /* TitleCell.swift */ = {isa = PBXFileReference; fileEncoding = 4; lastKnownFileType = sourcecode.swift; path = TitleCell.swift; sourceTree = "<group>"; };
		338CF13A23FA79210074A6FE /* TitleCell.xib */ = {isa = PBXFileReference; fileEncoding = 4; lastKnownFileType = file.xib; path = TitleCell.xib; sourceTree = "<group>"; };
		338CF13B23FA79210074A6FE /* FavoritesCell.swift */ = {isa = PBXFileReference; fileEncoding = 4; lastKnownFileType = sourcecode.swift; path = FavoritesCell.swift; sourceTree = "<group>"; };
		3397D76223E0AB62000C59D4 /* CodingConstraintVC.swift */ = {isa = PBXFileReference; lastKnownFileType = sourcecode.swift; path = CodingConstraintVC.swift; sourceTree = "<group>"; };
		3397D76423E0BA40000C59D4 /* Day4OnboardingVC.swift */ = {isa = PBXFileReference; lastKnownFileType = sourcecode.swift; path = Day4OnboardingVC.swift; sourceTree = "<group>"; };
		33A8BFC523ECA0BD00056A0F /* UINavigtaionController+extensions.swift */ = {isa = PBXFileReference; lastKnownFileType = sourcecode.swift; path = "UINavigtaionController+extensions.swift"; sourceTree = "<group>"; };
		33A8BFCA23ECAA7500056A0F /* HomeVC.swift */ = {isa = PBXFileReference; lastKnownFileType = sourcecode.swift; path = HomeVC.swift; sourceTree = "<group>"; };
		33A8BFCC23ECABBC00056A0F /* UIButton+extensions.swift */ = {isa = PBXFileReference; lastKnownFileType = sourcecode.swift; path = "UIButton+extensions.swift"; sourceTree = "<group>"; };
		33B2A17F23F52B6300AF03CA /* NewBoxVC.swift */ = {isa = PBXFileReference; lastKnownFileType = sourcecode.swift; path = NewBoxVC.swift; sourceTree = "<group>"; };
		33B2A18123F52BC300AF03CA /* NewBoxCell.swift */ = {isa = PBXFileReference; lastKnownFileType = sourcecode.swift; path = NewBoxCell.swift; sourceTree = "<group>"; };
		33B2A18323F52F4400AF03CA /* NewBoxCellFlowLayout.swift */ = {isa = PBXFileReference; lastKnownFileType = sourcecode.swift; path = NewBoxCellFlowLayout.swift; sourceTree = "<group>"; };
		33CA319A23E565A8009AA3DF /* CollectionViewCell.swift */ = {isa = PBXFileReference; lastKnownFileType = sourcecode.swift; path = CollectionViewCell.swift; sourceTree = "<group>"; };
		33CA319B23E565A8009AA3DF /* CollectionViewCell.xib */ = {isa = PBXFileReference; lastKnownFileType = file.xib; path = CollectionViewCell.xib; sourceTree = "<group>"; };
		33CA31A123E56A6F009AA3DF /* CollectionVC.swift */ = {isa = PBXFileReference; lastKnownFileType = sourcecode.swift; path = CollectionVC.swift; sourceTree = "<group>"; };
		33CA31B223E75772009AA3DF /* ChartsVC.swift */ = {isa = PBXFileReference; lastKnownFileType = sourcecode.swift; path = ChartsVC.swift; sourceTree = "<group>"; };
		33CA31B523E79FAD009AA3DF /* Constants.swift */ = {isa = PBXFileReference; lastKnownFileType = sourcecode.swift; path = Constants.swift; sourceTree = "<group>"; };
		33CA31C323E9F060009AA3DF /* OnboardingVC.swift */ = {isa = PBXFileReference; lastKnownFileType = sourcecode.swift; path = OnboardingVC.swift; sourceTree = "<group>"; };
		33CA31C623E9F090009AA3DF /* OnboardingModel.swift */ = {isa = PBXFileReference; lastKnownFileType = sourcecode.swift; path = OnboardingModel.swift; sourceTree = "<group>"; };
		C07075359D279D6BE5C21B45 /* Pods-MobileClasswork.release.xcconfig */ = {isa = PBXFileReference; includeInIndex = 1; lastKnownFileType = text.xcconfig; name = "Pods-MobileClasswork.release.xcconfig"; path = "Target Support Files/Pods-MobileClasswork/Pods-MobileClasswork.release.xcconfig"; sourceTree = "<group>"; };
		E62FD77750DA319310924092 /* Pods-MobileClasswork.debug.xcconfig */ = {isa = PBXFileReference; includeInIndex = 1; lastKnownFileType = text.xcconfig; name = "Pods-MobileClasswork.debug.xcconfig"; path = "Target Support Files/Pods-MobileClasswork/Pods-MobileClasswork.debug.xcconfig"; sourceTree = "<group>"; };
		FA09746C6CD68F4FBA90F065 /* Pods_MobileClasswork.framework */ = {isa = PBXFileReference; explicitFileType = wrapper.framework; includeInIndex = 0; path = Pods_MobileClasswork.framework; sourceTree = BUILT_PRODUCTS_DIR; };
/* End PBXFileReference section */

/* Begin PBXFrameworksBuildPhase section */
		3300542623DA180400673C81 /* Frameworks */ = {
			isa = PBXFrameworksBuildPhase;
			buildActionMask = 2147483647;
			files = (
				D8D8C5B70C10677BD7F811E4 /* Pods_MobileClasswork.framework in Frameworks */,
			);
			runOnlyForDeploymentPostprocessing = 0;
		};
/* End PBXFrameworksBuildPhase section */

/* Begin PBXGroup section */
		276337CD4B18B0DBB4E1B5DB /* Frameworks */ = {
			isa = PBXGroup;
			children = (
				FA09746C6CD68F4FBA90F065 /* Pods_MobileClasswork.framework */,
			);
			name = Frameworks;
			sourceTree = "<group>";
		};
		3300542023DA180400673C81 = {
			isa = PBXGroup;
			children = (
				3300542B23DA180400673C81 /* MobileClasswork */,
				3300542A23DA180400673C81 /* Products */,
				DFA0A6888436AECE8A78421D /* Pods */,
				276337CD4B18B0DBB4E1B5DB /* Frameworks */,
			);
			sourceTree = "<group>";
		};
		3300542A23DA180400673C81 /* Products */ = {
			isa = PBXGroup;
			children = (
				3300542923DA180400673C81 /* MobileClasswork.app */,
			);
			name = Products;
			sourceTree = "<group>";
		};
		3300542B23DA180400673C81 /* MobileClasswork */ = {
			isa = PBXGroup;
			children = (
				3300542C23DA180400673C81 /* AppDelegate.swift */,
				3300542E23DA180400673C81 /* SceneDelegate.swift */,
				3329A62123E36C8C00A8FDB5 /* Main.storyboard */,
				33CA31B123E75692009AA3DF /* Playground */,
				3329A62023E36C7000A8FDB5 /* Day1-StoryboardConstraints */,
				3329A61B23E36A4800A8FDB5 /* Day2-UIScrollView */,
				3329A61C23E36A6900A8FDB5 /* Day3-CodingConstraints */,
				3329A61F23E36BA900A8FDB5 /* Day3-Onboarding */,
				3397D76623E0C042000C59D4 /* Day4-DryOnboarding */,
				3329A61A23E365BA00A8FDB5 /* Day4-XibView */,
				33CA31C523E9F068009AA3DF /* Day5-Onboarding */,
				33232DCC23F3272F00CF722D /* Day7-CollectionView */,
				333DCC3923F5C3C700D76D23 /* Day8-CompositionalCollection */,
				33A8BFC723ECA16C00056A0F /* Onboarding-Project */,
				3300544723DA285500673C81 /* Helper */,
				3300543523DA180700673C81 /* Assets.xcassets */,
				3300543723DA180700673C81 /* LaunchScreen.storyboard */,
				3300543A23DA180700673C81 /* Info.plist */,
			);
			path = MobileClasswork;
			sourceTree = "<group>";
		};
		3300544023DA186000673C81 /* AutoLayoutPart2 */ = {
			isa = PBXGroup;
			children = (
				3300544123DA188F00673C81 /* ScrollVC.swift */,
				3300544223DA188F00673C81 /* ScrollVC.xib */,
			);
			path = AutoLayoutPart2;
			sourceTree = "<group>";
		};
		3300544723DA285500673C81 /* Helper */ = {
			isa = PBXGroup;
			children = (
				33459A2423F9C81A002C13D5 /* Service.swift */,
				33459A2623F9F703002C13D5 /* SettingsService.swift */,
				33CA31B523E79FAD009AA3DF /* Constants.swift */,
				33CA31B423E79F9E009AA3DF /* Extensions */,
			);
			path = Helper;
			sourceTree = "<group>";
		};
		33232DC123F3204F00CF722D /* Model */ = {
			isa = PBXGroup;
			children = (
				33232DC223F3207200CF722D /* Box.swift */,
				33232DC423F3248B00CF722D /* BoxCategory.swift */,
				33232DC823F324D900CF722D /* BoxItem.swift */,
				33459A1B23F8F55E002C13D5 /* Product.swift */,
				33232DCA23F324DE00CF722D /* User.swift */,
			);
			path = Model;
			sourceTree = "<group>";
		};
		33232DCC23F3272F00CF722D /* Day7-CollectionView */ = {
			isa = PBXGroup;
			children = (
				33232DCD23F3276600CF722D /* AnimatedCollectionVC.swift */,
				33232DCF23F3279300CF722D /* MyCollectionViewCell.swift */,
				33232DD123F327BD00CF722D /* MyFlowLayout.swift */,
			);
			path = "Day7-CollectionView";
			sourceTree = "<group>";
		};
		3329A61A23E365BA00A8FDB5 /* Day4-XibView */ = {
			isa = PBXGroup;
			children = (
				3329A61623E365A300A8FDB5 /* MyXibView.swift */,
				3329A61823E365AB00A8FDB5 /* MyXibView.xib */,
			);
			path = "Day4-XibView";
			sourceTree = "<group>";
		};
		3329A61B23E36A4800A8FDB5 /* Day2-UIScrollView */ = {
			isa = PBXGroup;
			children = (
				3300543023DA180400673C81 /* ViewController.swift */,
				3300544023DA186000673C81 /* AutoLayoutPart2 */,
			);
			path = "Day2-UIScrollView";
			sourceTree = "<group>";
		};
		3329A61C23E36A6900A8FDB5 /* Day3-CodingConstraints */ = {
			isa = PBXGroup;
			children = (
				3397D76223E0AB62000C59D4 /* CodingConstraintVC.swift */,
			);
			path = "Day3-CodingConstraints";
			sourceTree = "<group>";
		};
		3329A61F23E36BA900A8FDB5 /* Day3-Onboarding */ = {
			isa = PBXGroup;
			children = (
				3329A61D23E36B7D00A8FDB5 /* Onboarding.swift */,
			);
			path = "Day3-Onboarding";
			sourceTree = "<group>";
		};
		3329A62023E36C7000A8FDB5 /* Day1-StoryboardConstraints */ = {
			isa = PBXGroup;
			children = (
				3300543223DA180400673C81 /* Day1.storyboard */,
			);
			path = "Day1-StoryboardConstraints";
			sourceTree = "<group>";
		};
		333DCC3923F5C3C700D76D23 /* Day8-CompositionalCollection */ = {
			isa = PBXGroup;
			children = (
				33459A1E23F8FA74002C13D5 /* Day8VC.swift */,
				338CF13223FA78F50074A6FE /* Views */,
				338CF12F23FA772F0074A6FE /* Section */,
			);
			path = "Day8-CompositionalCollection";
			sourceTree = "<group>";
		};
		334599E923F7B0DF002C13D5 /* NewBoxCollection */ = {
			isa = PBXGroup;
			children = (
				33B2A18123F52BC300AF03CA /* NewBoxCell.swift */,
			);
			path = NewBoxCollection;
			sourceTree = "<group>";
		};
		334599EA23F7B103002C13D5 /* PastBoxesTable */ = {
			isa = PBXGroup;
			children = (
				334ED2FA23EC90A5002B5FF4 /* BoxCell.swift */,
			);
			path = PastBoxesTable;
			sourceTree = "<group>";
		};
		334599EB23F7B111002C13D5 /* PastBoxesDetailsTable */ = {
			isa = PBXGroup;
			children = (
				33232DBF23F2A3B900CF722D /* BoxDetailCell.swift */,
			);
			path = PastBoxesDetailsTable;
			sourceTree = "<group>";
		};
		334599EC23F7B154002C13D5 /* HelperViews */ = {
			isa = PBXGroup;
			children = (
				33B2A18323F52F4400AF03CA /* NewBoxCellFlowLayout.swift */,
				334599E723F7B099002C13D5 /* UnderlinedTextField.swift */,
			);
			path = HelperViews;
			sourceTree = "<group>";
		};
		334599ED23F7B174002C13D5 /* Onboarding */ = {
			isa = PBXGroup;
			children = (
				3329A61223E359D800A8FDB5 /* OnboardingPageView.swift */,
			);
			path = Onboarding;
			sourceTree = "<group>";
		};
		334ED2F523EC89A6002B5FF4 /* Model */ = {
			isa = PBXGroup;
			children = (
				33CA31C623E9F090009AA3DF /* OnboardingModel.swift */,
			);
			path = Model;
			sourceTree = "<group>";
		};
		338CF12F23FA772F0074A6FE /* Section */ = {
			isa = PBXGroup;
			children = (
				338CF12823FA772A0074A6FE /* BasicGridSection.swift */,
				338CF12923FA772A0074A6FE /* FavoritesSection.swift */,
				338CF12723FA77290074A6FE /* FeaturedSection.swift */,
				338CF12A23FA772A0074A6FE /* TitleSection.swift */,
			);
			path = Section;
			sourceTree = "<group>";
		};
		338CF13223FA78F50074A6FE /* Views */ = {
			isa = PBXGroup;
			children = (
				338CF13023FA77700074A6FE /* Section.swift */,
				338CF13323FA79120074A6FE /* New Group */,
			);
			path = Views;
			sourceTree = "<group>";
		};
		338CF13323FA79120074A6FE /* New Group */ = {
			isa = PBXGroup;
			children = (
				338CF13B23FA79210074A6FE /* FavoritesCell.swift */,
				338CF13523FA79210074A6FE /* FavoritesCell.xib */,
				338CF13423FA79210074A6FE /* FeaturedCell.swift */,
				338CF13723FA79210074A6FE /* FeaturedCell.xib */,
				338CF13623FA79210074A6FE /* GridCell.swift */,
				338CF13823FA79210074A6FE /* GridCell.xib */,
				338CF13923FA79210074A6FE /* TitleCell.swift */,
				338CF13A23FA79210074A6FE /* TitleCell.xib */,
			);
			path = "New Group";
			sourceTree = "<group>";
		};
		3397D76623E0C042000C59D4 /* Day4-DryOnboarding */ = {
			isa = PBXGroup;
			children = (
				3397D76423E0BA40000C59D4 /* Day4OnboardingVC.swift */,
			);
			path = "Day4-DryOnboarding";
			sourceTree = "<group>";
		};
		33A8BFC723ECA16C00056A0F /* Onboarding-Project */ = {
			isa = PBXGroup;
			children = (
				33A8BFC923ECA22800056A0F /* Controllers */,
				33A8BFC823ECA18400056A0F /* View */,
				33232DC123F3204F00CF722D /* Model */,
			);
			path = "Onboarding-Project";
			sourceTree = "<group>";
		};
		33A8BFC823ECA18400056A0F /* View */ = {
			isa = PBXGroup;
			children = (
				33459A2023F8FEFE002C13D5 /* PopupVC.swift */,
				334599ED23F7B174002C13D5 /* Onboarding */,
				334599EA23F7B103002C13D5 /* PastBoxesTable */,
				334599EB23F7B111002C13D5 /* PastBoxesDetailsTable */,
				334599E923F7B0DF002C13D5 /* NewBoxCollection */,
				334599EC23F7B154002C13D5 /* HelperViews */,
			);
			path = View;
			sourceTree = "<group>";
		};
		33A8BFC923ECA22800056A0F /* Controllers */ = {
			isa = PBXGroup;
			children = (
				33CA31C323E9F060009AA3DF /* OnboardingVC.swift */,
				334ED2F823EC8BC1002B5FF4 /* LoginVC.swift */,
				33A8BFCA23ECAA7500056A0F /* HomeVC.swift */,
				334ED2F623EC8BB7002B5FF4 /* PastBoxesVC.swift */,
				33232DBD23F29D5500CF722D /* PastBoxesDetailVC.swift */,
				33B2A17F23F52B6300AF03CA /* NewBoxVC.swift */,
			);
			path = Controllers;
			sourceTree = "<group>";
		};
		33CA319E23E565AD009AA3DF /* Xib-Cell */ = {
			isa = PBXGroup;
			children = (
				33CA319A23E565A8009AA3DF /* CollectionViewCell.swift */,
				33CA319B23E565A8009AA3DF /* CollectionViewCell.xib */,
				33CA31A123E56A6F009AA3DF /* CollectionVC.swift */,
			);
			path = "Xib-Cell";
			sourceTree = "<group>";
		};
		33CA31B123E75692009AA3DF /* Playground */ = {
			isa = PBXGroup;
			children = (
				33CA319E23E565AD009AA3DF /* Xib-Cell */,
				33CA31B223E75772009AA3DF /* ChartsVC.swift */,
			);
			path = Playground;
			sourceTree = "<group>";
		};
		33CA31B423E79F9E009AA3DF /* Extensions */ = {
			isa = PBXGroup;
			children = (
				3300544523DA217300673C81 /* UIViewController+extensions.swift */,
				3300544923DA314100673C81 /* UIScrollView+extensions.swift */,
				3309913423E277E100880CC5 /* UILayoutGuide+extensions.swift */,
				33A8BFC523ECA0BD00056A0F /* UINavigtaionController+extensions.swift */,
				33A8BFCC23ECABBC00056A0F /* UIButton+extensions.swift */,
				334599EE23F7C32F002C13D5 /* UITextField+extensions.swift */,
				334599F623F7D615002C13D5 /* UIView+extensions.swift */,
				334599F823F8AC3B002C13D5 /* UIColor+extensions.swift */,
				33459A2223F920CD002C13D5 /* UIBarButton+extensions.swift */,
				33459A2823FA0BFF002C13D5 /* UIImageView+extensions.swift */,
			);
			path = Extensions;
			sourceTree = "<group>";
		};
		33CA31C523E9F068009AA3DF /* Day5-Onboarding */ = {
			isa = PBXGroup;
			children = (
				334ED2F523EC89A6002B5FF4 /* Model */,
			);
			path = "Day5-Onboarding";
			sourceTree = "<group>";
		};
		DFA0A6888436AECE8A78421D /* Pods */ = {
			isa = PBXGroup;
			children = (
				E62FD77750DA319310924092 /* Pods-MobileClasswork.debug.xcconfig */,
				C07075359D279D6BE5C21B45 /* Pods-MobileClasswork.release.xcconfig */,
			);
			path = Pods;
			sourceTree = "<group>";
		};
/* End PBXGroup section */

/* Begin PBXNativeTarget section */
		3300542823DA180400673C81 /* MobileClasswork */ = {
			isa = PBXNativeTarget;
			buildConfigurationList = 3300543D23DA180700673C81 /* Build configuration list for PBXNativeTarget "MobileClasswork" */;
			buildPhases = (
				05FB02D47DA238AE71ED5D11 /* [CP] Check Pods Manifest.lock */,
				3300542523DA180400673C81 /* Sources */,
				3300542623DA180400673C81 /* Frameworks */,
				3300542723DA180400673C81 /* Resources */,
				5463A402ABF602D11EA063EE /* [CP] Embed Pods Frameworks */,
			);
			buildRules = (
			);
			dependencies = (
			);
			name = MobileClasswork;
			productName = MobileClasswork;
			productReference = 3300542923DA180400673C81 /* MobileClasswork.app */;
			productType = "com.apple.product-type.application";
		};
/* End PBXNativeTarget section */

/* Begin PBXProject section */
		3300542123DA180400673C81 /* Project object */ = {
			isa = PBXProject;
			attributes = {
				LastSwiftUpdateCheck = 1130;
				LastUpgradeCheck = 1130;
				ORGANIZATIONNAME = SamuelFolledo;
				TargetAttributes = {
					3300542823DA180400673C81 = {
						CreatedOnToolsVersion = 11.3.1;
					};
				};
			};
			buildConfigurationList = 3300542423DA180400673C81 /* Build configuration list for PBXProject "MobileClasswork" */;
			compatibilityVersion = "Xcode 9.3";
			developmentRegion = en;
			hasScannedForEncodings = 0;
			knownRegions = (
				en,
				Base,
			);
			mainGroup = 3300542023DA180400673C81;
			productRefGroup = 3300542A23DA180400673C81 /* Products */;
			projectDirPath = "";
			projectRoot = "";
			targets = (
				3300542823DA180400673C81 /* MobileClasswork */,
			);
		};
/* End PBXProject section */

/* Begin PBXResourcesBuildPhase section */
		3300542723DA180400673C81 /* Resources */ = {
			isa = PBXResourcesBuildPhase;
			buildActionMask = 2147483647;
			files = (
				3300543923DA180700673C81 /* LaunchScreen.storyboard in Resources */,
				338CF14023FA79210074A6FE /* GridCell.xib in Resources */,
				33CA319D23E565A8009AA3DF /* CollectionViewCell.xib in Resources */,
				3300544423DA188F00673C81 /* ScrollVC.xib in Resources */,
				3329A61923E365AB00A8FDB5 /* MyXibView.xib in Resources */,
				338CF13F23FA79210074A6FE /* FeaturedCell.xib in Resources */,
				3329A62223E36C8C00A8FDB5 /* Main.storyboard in Resources */,
				338CF14223FA79210074A6FE /* TitleCell.xib in Resources */,
				338CF13D23FA79210074A6FE /* FavoritesCell.xib in Resources */,
				3300543623DA180700673C81 /* Assets.xcassets in Resources */,
				3300543423DA180400673C81 /* Day1.storyboard in Resources */,
			);
			runOnlyForDeploymentPostprocessing = 0;
		};
/* End PBXResourcesBuildPhase section */

/* Begin PBXShellScriptBuildPhase section */
		05FB02D47DA238AE71ED5D11 /* [CP] Check Pods Manifest.lock */ = {
			isa = PBXShellScriptBuildPhase;
			buildActionMask = 2147483647;
			files = (
			);
			inputFileListPaths = (
			);
			inputPaths = (
				"${PODS_PODFILE_DIR_PATH}/Podfile.lock",
				"${PODS_ROOT}/Manifest.lock",
			);
			name = "[CP] Check Pods Manifest.lock";
			outputFileListPaths = (
			);
			outputPaths = (
				"$(DERIVED_FILE_DIR)/Pods-MobileClasswork-checkManifestLockResult.txt",
			);
			runOnlyForDeploymentPostprocessing = 0;
			shellPath = /bin/sh;
			shellScript = "diff \"${PODS_PODFILE_DIR_PATH}/Podfile.lock\" \"${PODS_ROOT}/Manifest.lock\" > /dev/null\nif [ $? != 0 ] ; then\n    # print error to STDERR\n    echo \"error: The sandbox is not in sync with the Podfile.lock. Run 'pod install' or update your CocoaPods installation.\" >&2\n    exit 1\nfi\n# This output is used by Xcode 'outputs' to avoid re-running this script phase.\necho \"SUCCESS\" > \"${SCRIPT_OUTPUT_FILE_0}\"\n";
			showEnvVarsInLog = 0;
		};
		5463A402ABF602D11EA063EE /* [CP] Embed Pods Frameworks */ = {
			isa = PBXShellScriptBuildPhase;
			buildActionMask = 2147483647;
			files = (
			);
			inputFileListPaths = (
				"${PODS_ROOT}/Target Support Files/Pods-MobileClasswork/Pods-MobileClasswork-frameworks-${CONFIGURATION}-input-files.xcfilelist",
			);
			name = "[CP] Embed Pods Frameworks";
			outputFileListPaths = (
				"${PODS_ROOT}/Target Support Files/Pods-MobileClasswork/Pods-MobileClasswork-frameworks-${CONFIGURATION}-output-files.xcfilelist",
			);
			runOnlyForDeploymentPostprocessing = 0;
			shellPath = /bin/sh;
			shellScript = "\"${PODS_ROOT}/Target Support Files/Pods-MobileClasswork/Pods-MobileClasswork-frameworks.sh\"\n";
			showEnvVarsInLog = 0;
		};
/* End PBXShellScriptBuildPhase section */

/* Begin PBXSourcesBuildPhase section */
		3300542523DA180400673C81 /* Sources */ = {
			isa = PBXSourcesBuildPhase;
			buildActionMask = 2147483647;
			files = (
				33232DC323F3207200CF722D /* Box.swift in Sources */,
				338CF14323FA79210074A6FE /* FavoritesCell.swift in Sources */,
				3329A61323E359D800A8FDB5 /* OnboardingPageView.swift in Sources */,
				33B2A18223F52BC300AF03CA /* NewBoxCell.swift in Sources */,
				33459A2523F9C81A002C13D5 /* Service.swift in Sources */,
				33459A1C23F8F55E002C13D5 /* Product.swift in Sources */,
				33459A2323F920CD002C13D5 /* UIBarButton+extensions.swift in Sources */,
				33232DD023F3279300CF722D /* MyCollectionViewCell.swift in Sources */,
				33232DCE23F3276600CF722D /* AnimatedCollectionVC.swift in Sources */,
				334599F723F7D615002C13D5 /* UIView+extensions.swift in Sources */,
				33CA31B323E75772009AA3DF /* ChartsVC.swift in Sources */,
				3329A61723E365A300A8FDB5 /* MyXibView.swift in Sources */,
				33459A2923FA0BFF002C13D5 /* UIImageView+extensions.swift in Sources */,
				338CF14123FA79210074A6FE /* TitleCell.swift in Sources */,
				334599E823F7B099002C13D5 /* UnderlinedTextField.swift in Sources */,
				3397D76323E0AB62000C59D4 /* CodingConstraintVC.swift in Sources */,
				33CA31C423E9F060009AA3DF /* OnboardingVC.swift in Sources */,
				33232DBE23F29D5500CF722D /* PastBoxesDetailVC.swift in Sources */,
				33B2A18423F52F4400AF03CA /* NewBoxCellFlowLayout.swift in Sources */,
				3397D76523E0BA40000C59D4 /* Day4OnboardingVC.swift in Sources */,
				33459A2123F8FEFE002C13D5 /* PopupVC.swift in Sources */,
				338CF12D23FA772A0074A6FE /* FavoritesSection.swift in Sources */,
				33459A1F23F8FA74002C13D5 /* Day8VC.swift in Sources */,
				33232DCB23F324DE00CF722D /* User.swift in Sources */,
				33CA31A223E56A6F009AA3DF /* CollectionVC.swift in Sources */,
				3309913523E277E100880CC5 /* UILayoutGuide+extensions.swift in Sources */,
				33CA31B623E79FAD009AA3DF /* Constants.swift in Sources */,
				33A8BFCD23ECABBC00056A0F /* UIButton+extensions.swift in Sources */,
				33A8BFC623ECA0BD00056A0F /* UINavigtaionController+extensions.swift in Sources */,
				3300544623DA217300673C81 /* UIViewController+extensions.swift in Sources */,
				3329A61E23E36B7D00A8FDB5 /* Onboarding.swift in Sources */,
				3300544A23DA314100673C81 /* UIScrollView+extensions.swift in Sources */,
				338CF12E23FA772A0074A6FE /* TitleSection.swift in Sources */,
				33A8BFCB23ECAA7500056A0F /* HomeVC.swift in Sources */,
				334ED2FB23EC90A5002B5FF4 /* BoxCell.swift in Sources */,
				338CF13123FA77700074A6FE /* Section.swift in Sources */,
				33CA319C23E565A8009AA3DF /* CollectionViewCell.swift in Sources */,
				33459A2723F9F703002C13D5 /* SettingsService.swift in Sources */,
				3300543123DA180400673C81 /* ViewController.swift in Sources */,
				334ED2F923EC8BC1002B5FF4 /* LoginVC.swift in Sources */,
				33232DC023F2A3B900CF722D /* BoxDetailCell.swift in Sources */,
				33CA31C723E9F090009AA3DF /* OnboardingModel.swift in Sources */,
				338CF12B23FA772A0074A6FE /* FeaturedSection.swift in Sources */,
				338CF13E23FA79210074A6FE /* GridCell.swift in Sources */,
				3300544323DA188F00673C81 /* ScrollVC.swift in Sources */,
				3300542D23DA180400673C81 /* AppDelegate.swift in Sources */,
				334599EF23F7C32F002C13D5 /* UITextField+extensions.swift in Sources */,
				334599F923F8AC3B002C13D5 /* UIColor+extensions.swift in Sources */,
				33232DD223F327BD00CF722D /* MyFlowLayout.swift in Sources */,
				338CF12C23FA772A0074A6FE /* BasicGridSection.swift in Sources */,
				338CF13C23FA79210074A6FE /* FeaturedCell.swift in Sources */,
				33B2A18023F52B6300AF03CA /* NewBoxVC.swift in Sources */,
				334ED2F723EC8BB7002B5FF4 /* PastBoxesVC.swift in Sources */,
				3300542F23DA180400673C81 /* SceneDelegate.swift in Sources */,
				33232DC523F3248B00CF722D /* BoxCategory.swift in Sources */,
				33232DC923F324D900CF722D /* BoxItem.swift in Sources */,
			);
			runOnlyForDeploymentPostprocessing = 0;
		};
/* End PBXSourcesBuildPhase section */

/* Begin PBXVariantGroup section */
		3300543223DA180400673C81 /* Day1.storyboard */ = {
			isa = PBXVariantGroup;
			children = (
				3300543323DA180400673C81 /* Base */,
			);
			name = Day1.storyboard;
			sourceTree = "<group>";
		};
		3300543723DA180700673C81 /* LaunchScreen.storyboard */ = {
			isa = PBXVariantGroup;
			children = (
				3300543823DA180700673C81 /* Base */,
			);
			name = LaunchScreen.storyboard;
			sourceTree = "<group>";
		};
/* End PBXVariantGroup section */

/* Begin XCBuildConfiguration section */
		3300543B23DA180700673C81 /* Debug */ = {
			isa = XCBuildConfiguration;
			buildSettings = {
				ALWAYS_SEARCH_USER_PATHS = NO;
				CLANG_ANALYZER_NONNULL = YES;
				CLANG_ANALYZER_NUMBER_OBJECT_CONVERSION = YES_AGGRESSIVE;
				CLANG_CXX_LANGUAGE_STANDARD = "gnu++14";
				CLANG_CXX_LIBRARY = "libc++";
				CLANG_ENABLE_MODULES = YES;
				CLANG_ENABLE_OBJC_ARC = YES;
				CLANG_ENABLE_OBJC_WEAK = YES;
				CLANG_WARN_BLOCK_CAPTURE_AUTORELEASING = YES;
				CLANG_WARN_BOOL_CONVERSION = YES;
				CLANG_WARN_COMMA = YES;
				CLANG_WARN_CONSTANT_CONVERSION = YES;
				CLANG_WARN_DEPRECATED_OBJC_IMPLEMENTATIONS = YES;
				CLANG_WARN_DIRECT_OBJC_ISA_USAGE = YES_ERROR;
				CLANG_WARN_DOCUMENTATION_COMMENTS = YES;
				CLANG_WARN_EMPTY_BODY = YES;
				CLANG_WARN_ENUM_CONVERSION = YES;
				CLANG_WARN_INFINITE_RECURSION = YES;
				CLANG_WARN_INT_CONVERSION = YES;
				CLANG_WARN_NON_LITERAL_NULL_CONVERSION = YES;
				CLANG_WARN_OBJC_IMPLICIT_RETAIN_SELF = YES;
				CLANG_WARN_OBJC_LITERAL_CONVERSION = YES;
				CLANG_WARN_OBJC_ROOT_CLASS = YES_ERROR;
				CLANG_WARN_RANGE_LOOP_ANALYSIS = YES;
				CLANG_WARN_STRICT_PROTOTYPES = YES;
				CLANG_WARN_SUSPICIOUS_MOVE = YES;
				CLANG_WARN_UNGUARDED_AVAILABILITY = YES_AGGRESSIVE;
				CLANG_WARN_UNREACHABLE_CODE = YES;
				CLANG_WARN__DUPLICATE_METHOD_MATCH = YES;
				COPY_PHASE_STRIP = NO;
				DEBUG_INFORMATION_FORMAT = dwarf;
				ENABLE_STRICT_OBJC_MSGSEND = YES;
				ENABLE_TESTABILITY = YES;
				GCC_C_LANGUAGE_STANDARD = gnu11;
				GCC_DYNAMIC_NO_PIC = NO;
				GCC_NO_COMMON_BLOCKS = YES;
				GCC_OPTIMIZATION_LEVEL = 0;
				GCC_PREPROCESSOR_DEFINITIONS = (
					"DEBUG=1",
					"$(inherited)",
				);
				GCC_WARN_64_TO_32_BIT_CONVERSION = YES;
				GCC_WARN_ABOUT_RETURN_TYPE = YES_ERROR;
				GCC_WARN_UNDECLARED_SELECTOR = YES;
				GCC_WARN_UNINITIALIZED_AUTOS = YES_AGGRESSIVE;
				GCC_WARN_UNUSED_FUNCTION = YES;
				GCC_WARN_UNUSED_VARIABLE = YES;
				IPHONEOS_DEPLOYMENT_TARGET = 13.2;
				MTL_ENABLE_DEBUG_INFO = INCLUDE_SOURCE;
				MTL_FAST_MATH = YES;
				ONLY_ACTIVE_ARCH = YES;
				SDKROOT = iphoneos;
				SWIFT_ACTIVE_COMPILATION_CONDITIONS = DEBUG;
				SWIFT_OPTIMIZATION_LEVEL = "-Onone";
			};
			name = Debug;
		};
		3300543C23DA180700673C81 /* Release */ = {
			isa = XCBuildConfiguration;
			buildSettings = {
				ALWAYS_SEARCH_USER_PATHS = NO;
				CLANG_ANALYZER_NONNULL = YES;
				CLANG_ANALYZER_NUMBER_OBJECT_CONVERSION = YES_AGGRESSIVE;
				CLANG_CXX_LANGUAGE_STANDARD = "gnu++14";
				CLANG_CXX_LIBRARY = "libc++";
				CLANG_ENABLE_MODULES = YES;
				CLANG_ENABLE_OBJC_ARC = YES;
				CLANG_ENABLE_OBJC_WEAK = YES;
				CLANG_WARN_BLOCK_CAPTURE_AUTORELEASING = YES;
				CLANG_WARN_BOOL_CONVERSION = YES;
				CLANG_WARN_COMMA = YES;
				CLANG_WARN_CONSTANT_CONVERSION = YES;
				CLANG_WARN_DEPRECATED_OBJC_IMPLEMENTATIONS = YES;
				CLANG_WARN_DIRECT_OBJC_ISA_USAGE = YES_ERROR;
				CLANG_WARN_DOCUMENTATION_COMMENTS = YES;
				CLANG_WARN_EMPTY_BODY = YES;
				CLANG_WARN_ENUM_CONVERSION = YES;
				CLANG_WARN_INFINITE_RECURSION = YES;
				CLANG_WARN_INT_CONVERSION = YES;
				CLANG_WARN_NON_LITERAL_NULL_CONVERSION = YES;
				CLANG_WARN_OBJC_IMPLICIT_RETAIN_SELF = YES;
				CLANG_WARN_OBJC_LITERAL_CONVERSION = YES;
				CLANG_WARN_OBJC_ROOT_CLASS = YES_ERROR;
				CLANG_WARN_RANGE_LOOP_ANALYSIS = YES;
				CLANG_WARN_STRICT_PROTOTYPES = YES;
				CLANG_WARN_SUSPICIOUS_MOVE = YES;
				CLANG_WARN_UNGUARDED_AVAILABILITY = YES_AGGRESSIVE;
				CLANG_WARN_UNREACHABLE_CODE = YES;
				CLANG_WARN__DUPLICATE_METHOD_MATCH = YES;
				COPY_PHASE_STRIP = NO;
				DEBUG_INFORMATION_FORMAT = "dwarf-with-dsym";
				ENABLE_NS_ASSERTIONS = NO;
				ENABLE_STRICT_OBJC_MSGSEND = YES;
				GCC_C_LANGUAGE_STANDARD = gnu11;
				GCC_NO_COMMON_BLOCKS = YES;
				GCC_WARN_64_TO_32_BIT_CONVERSION = YES;
				GCC_WARN_ABOUT_RETURN_TYPE = YES_ERROR;
				GCC_WARN_UNDECLARED_SELECTOR = YES;
				GCC_WARN_UNINITIALIZED_AUTOS = YES_AGGRESSIVE;
				GCC_WARN_UNUSED_FUNCTION = YES;
				GCC_WARN_UNUSED_VARIABLE = YES;
				IPHONEOS_DEPLOYMENT_TARGET = 13.2;
				MTL_ENABLE_DEBUG_INFO = NO;
				MTL_FAST_MATH = YES;
				SDKROOT = iphoneos;
				SWIFT_COMPILATION_MODE = wholemodule;
				SWIFT_OPTIMIZATION_LEVEL = "-O";
				VALIDATE_PRODUCT = YES;
			};
			name = Release;
		};
		3300543E23DA180700673C81 /* Debug */ = {
			isa = XCBuildConfiguration;
			baseConfigurationReference = E62FD77750DA319310924092 /* Pods-MobileClasswork.debug.xcconfig */;
			buildSettings = {
				ASSETCATALOG_COMPILER_APPICON_NAME = AppIcon;
				CODE_SIGN_STYLE = Automatic;
				DEVELOPMENT_TEAM = 9NY68F4K3P;
				INFOPLIST_FILE = MobileClasswork/Info.plist;
				LD_RUNPATH_SEARCH_PATHS = (
					"$(inherited)",
					"@executable_path/Frameworks",
				);
				PRODUCT_BUNDLE_IDENTIFIER = SamuelFolledo.MobileClasswork;
				PRODUCT_NAME = "$(TARGET_NAME)";
				SWIFT_VERSION = 5.0;
				TARGETED_DEVICE_FAMILY = "1,2";
			};
			name = Debug;
		};
		3300543F23DA180700673C81 /* Release */ = {
			isa = XCBuildConfiguration;
			baseConfigurationReference = C07075359D279D6BE5C21B45 /* Pods-MobileClasswork.release.xcconfig */;
			buildSettings = {
				ASSETCATALOG_COMPILER_APPICON_NAME = AppIcon;
				CODE_SIGN_STYLE = Automatic;
				DEVELOPMENT_TEAM = 9NY68F4K3P;
				INFOPLIST_FILE = MobileClasswork/Info.plist;
				LD_RUNPATH_SEARCH_PATHS = (
					"$(inherited)",
					"@executable_path/Frameworks",
				);
				PRODUCT_BUNDLE_IDENTIFIER = SamuelFolledo.MobileClasswork;
				PRODUCT_NAME = "$(TARGET_NAME)";
				SWIFT_VERSION = 5.0;
				TARGETED_DEVICE_FAMILY = "1,2";
			};
			name = Release;
		};
/* End XCBuildConfiguration section */

/* Begin XCConfigurationList section */
		3300542423DA180400673C81 /* Build configuration list for PBXProject "MobileClasswork" */ = {
			isa = XCConfigurationList;
			buildConfigurations = (
				3300543B23DA180700673C81 /* Debug */,
				3300543C23DA180700673C81 /* Release */,
			);
			defaultConfigurationIsVisible = 0;
			defaultConfigurationName = Release;
		};
		3300543D23DA180700673C81 /* Build configuration list for PBXNativeTarget "MobileClasswork" */ = {
			isa = XCConfigurationList;
			buildConfigurations = (
				3300543E23DA180700673C81 /* Debug */,
				3300543F23DA180700673C81 /* Release */,
			);
			defaultConfigurationIsVisible = 0;
			defaultConfigurationName = Release;
		};
/* End XCConfigurationList section */
	};
	rootObject = 3300542123DA180400673C81 /* Project object */;
}
