// !$*UTF8*$!
{
	archiveVersion = 1;
	classes = {
	};
	objectVersion = 50;
	objects = {

/* Begin PBXBuildFile section */
		333A58EC240ED3DA003FF6A7 /* AppDelegate.swift in Sources */ = {isa = PBXBuildFile; fileRef = 333A58EB240ED3DA003FF6A7 /* AppDelegate.swift */; };
		333A58EE240ED3DA003FF6A7 /* SceneDelegate.swift in Sources */ = {isa = PBXBuildFile; fileRef = 333A58ED240ED3DA003FF6A7 /* SceneDelegate.swift */; };
		333A58F0240ED3DA003FF6A7 /* ViewController.swift in Sources */ = {isa = PBXBuildFile; fileRef = 333A58EF240ED3DA003FF6A7 /* ViewController.swift */; };
		333A58F5240ED3DE003FF6A7 /* Assets.xcassets in Resources */ = {isa = PBXBuildFile; fileRef = 333A58F4240ED3DE003FF6A7 /* Assets.xcassets */; };
		333A58F8240ED3DE003FF6A7 /* LaunchScreen.storyboard in Resources */ = {isa = PBXBuildFile; fileRef = 333A58F6240ED3DE003FF6A7 /* LaunchScreen.storyboard */; };
		333A5900240ED57F003FF6A7 /* UserCell.swift in Sources */ = {isa = PBXBuildFile; fileRef = 333A58FF240ED57F003FF6A7 /* UserCell.swift */; };
		333A5902240ED682003FF6A7 /* User.swift in Sources */ = {isa = PBXBuildFile; fileRef = 333A5901240ED682003FF6A7 /* User.swift */; };
		333A5904240ED7C9003FF6A7 /* UserDetailsVC.swift in Sources */ = {isa = PBXBuildFile; fileRef = 333A5903240ED7C9003FF6A7 /* UserDetailsVC.swift */; };
/* End PBXBuildFile section */

/* Begin PBXFileReference section */
		333A58E8240ED3DA003FF6A7 /* MOB1.2FinalProject.app */ = {isa = PBXFileReference; explicitFileType = wrapper.application; includeInIndex = 0; path = MOB1.2FinalProject.app; sourceTree = BUILT_PRODUCTS_DIR; };
		333A58EB240ED3DA003FF6A7 /* AppDelegate.swift */ = {isa = PBXFileReference; lastKnownFileType = sourcecode.swift; path = AppDelegate.swift; sourceTree = "<group>"; };
		333A58ED240ED3DA003FF6A7 /* SceneDelegate.swift */ = {isa = PBXFileReference; lastKnownFileType = sourcecode.swift; path = SceneDelegate.swift; sourceTree = "<group>"; };
		333A58EF240ED3DA003FF6A7 /* ViewController.swift */ = {isa = PBXFileReference; lastKnownFileType = sourcecode.swift; path = ViewController.swift; sourceTree = "<group>"; };
		333A58F4240ED3DE003FF6A7 /* Assets.xcassets */ = {isa = PBXFileReference; lastKnownFileType = folder.assetcatalog; path = Assets.xcassets; sourceTree = "<group>"; };
		333A58F7240ED3DE003FF6A7 /* Base */ = {isa = PBXFileReference; lastKnownFileType = file.storyboard; name = Base; path = Base.lproj/LaunchScreen.storyboard; sourceTree = "<group>"; };
		333A58F9240ED3DE003FF6A7 /* Info.plist */ = {isa = PBXFileReference; lastKnownFileType = text.plist.xml; path = Info.plist; sourceTree = "<group>"; };
		333A58FF240ED57F003FF6A7 /* UserCell.swift */ = {isa = PBXFileReference; lastKnownFileType = sourcecode.swift; path = UserCell.swift; sourceTree = "<group>"; };
		333A5901240ED682003FF6A7 /* User.swift */ = {isa = PBXFileReference; lastKnownFileType = sourcecode.swift; path = User.swift; sourceTree = "<group>"; };
		333A5903240ED7C9003FF6A7 /* UserDetailsVC.swift */ = {isa = PBXFileReference; lastKnownFileType = sourcecode.swift; path = UserDetailsVC.swift; sourceTree = "<group>"; };
/* End PBXFileReference section */

/* Begin PBXFrameworksBuildPhase section */
		333A58E5240ED3DA003FF6A7 /* Frameworks */ = {
			isa = PBXFrameworksBuildPhase;
			buildActionMask = 2147483647;
			files = (
			);
			runOnlyForDeploymentPostprocessing = 0;
		};
/* End PBXFrameworksBuildPhase section */

/* Begin PBXGroup section */
		333A58DF240ED3DA003FF6A7 = {
			isa = PBXGroup;
			children = (
				333A58EA240ED3DA003FF6A7 /* MOB1.2FinalProject */,
				333A58E9240ED3DA003FF6A7 /* Products */,
			);
			sourceTree = "<group>";
		};
		333A58E9240ED3DA003FF6A7 /* Products */ = {
			isa = PBXGroup;
			children = (
				333A58E8240ED3DA003FF6A7 /* MOB1.2FinalProject.app */,
			);
			name = Products;
			sourceTree = "<group>";
		};
		333A58EA240ED3DA003FF6A7 /* MOB1.2FinalProject */ = {
			isa = PBXGroup;
			children = (
				333A58EB240ED3DA003FF6A7 /* AppDelegate.swift */,
				333A58ED240ED3DA003FF6A7 /* SceneDelegate.swift */,
				333A5907240ED7DA003FF6A7 /* Model */,
				333A5906240ED7D4003FF6A7 /* Views */,
				333A5905240ED7CD003FF6A7 /* Controllers */,
				333A58F4240ED3DE003FF6A7 /* Assets.xcassets */,
				333A58F6240ED3DE003FF6A7 /* LaunchScreen.storyboard */,
				333A58F9240ED3DE003FF6A7 /* Info.plist */,
			);
			path = MOB1.2FinalProject;
			sourceTree = "<group>";
		};
		333A5905240ED7CD003FF6A7 /* Controllers */ = {
			isa = PBXGroup;
			children = (
				333A58EF240ED3DA003FF6A7 /* ViewController.swift */,
				333A5903240ED7C9003FF6A7 /* UserDetailsVC.swift */,
			);
			path = Controllers;
			sourceTree = "<group>";
		};
		333A5906240ED7D4003FF6A7 /* Views */ = {
			isa = PBXGroup;
			children = (
				333A58FF240ED57F003FF6A7 /* UserCell.swift */,
			);
			path = Views;
			sourceTree = "<group>";
		};
		333A5907240ED7DA003FF6A7 /* Model */ = {
			isa = PBXGroup;
			children = (
				333A5901240ED682003FF6A7 /* User.swift */,
			);
			path = Model;
			sourceTree = "<group>";
		};
/* End PBXGroup section */

/* Begin PBXNativeTarget section */
		333A58E7240ED3DA003FF6A7 /* MOB1.2FinalProject */ = {
			isa = PBXNativeTarget;
			buildConfigurationList = 333A58FC240ED3DE003FF6A7 /* Build configuration list for PBXNativeTarget "MOB1.2FinalProject" */;
			buildPhases = (
				333A58E4240ED3DA003FF6A7 /* Sources */,
				333A58E5240ED3DA003FF6A7 /* Frameworks */,
				333A58E6240ED3DA003FF6A7 /* Resources */,
			);
			buildRules = (
			);
			dependencies = (
			);
			name = MOB1.2FinalProject;
			productName = MOB1.2FinalProject;
			productReference = 333A58E8240ED3DA003FF6A7 /* MOB1.2FinalProject.app */;
			productType = "com.apple.product-type.application";
		};
/* End PBXNativeTarget section */

/* Begin PBXProject section */
		333A58E0240ED3DA003FF6A7 /* Project object */ = {
			isa = PBXProject;
			attributes = {
				LastSwiftUpdateCheck = 1130;
				LastUpgradeCheck = 1130;
				ORGANIZATIONNAME = SamuelFolledo;
				TargetAttributes = {
					333A58E7240ED3DA003FF6A7 = {
						CreatedOnToolsVersion = 11.3.1;
					};
				};
			};
			buildConfigurationList = 333A58E3240ED3DA003FF6A7 /* Build configuration list for PBXProject "MOB1.2FinalProject" */;
			compatibilityVersion = "Xcode 9.3";
			developmentRegion = en;
			hasScannedForEncodings = 0;
			knownRegions = (
				en,
				Base,
			);
			mainGroup = 333A58DF240ED3DA003FF6A7;
			productRefGroup = 333A58E9240ED3DA003FF6A7 /* Products */;
			projectDirPath = "";
			projectRoot = "";
			targets = (
				333A58E7240ED3DA003FF6A7 /* MOB1.2FinalProject */,
			);
		};
/* End PBXProject section */

/* Begin PBXResourcesBuildPhase section */
		333A58E6240ED3DA003FF6A7 /* Resources */ = {
			isa = PBXResourcesBuildPhase;
			buildActionMask = 2147483647;
			files = (
				333A58F8240ED3DE003FF6A7 /* LaunchScreen.storyboard in Resources */,
				333A58F5240ED3DE003FF6A7 /* Assets.xcassets in Resources */,
			);
			runOnlyForDeploymentPostprocessing = 0;
		};
/* End PBXResourcesBuildPhase section */

/* Begin PBXSourcesBuildPhase section */
		333A58E4240ED3DA003FF6A7 /* Sources */ = {
			isa = PBXSourcesBuildPhase;
			buildActionMask = 2147483647;
			files = (
				333A5904240ED7C9003FF6A7 /* UserDetailsVC.swift in Sources */,
				333A5900240ED57F003FF6A7 /* UserCell.swift in Sources */,
				333A58F0240ED3DA003FF6A7 /* ViewController.swift in Sources */,
				333A58EC240ED3DA003FF6A7 /* AppDelegate.swift in Sources */,
				333A5902240ED682003FF6A7 /* User.swift in Sources */,
				333A58EE240ED3DA003FF6A7 /* SceneDelegate.swift in Sources */,
			);
			runOnlyForDeploymentPostprocessing = 0;
		};
/* End PBXSourcesBuildPhase section */

/* Begin PBXVariantGroup section */
		333A58F6240ED3DE003FF6A7 /* LaunchScreen.storyboard */ = {
			isa = PBXVariantGroup;
			children = (
				333A58F7240ED3DE003FF6A7 /* Base */,
			);
			name = LaunchScreen.storyboard;
			sourceTree = "<group>";
		};
/* End PBXVariantGroup section */

/* Begin XCBuildConfiguration section */
		333A58FA240ED3DE003FF6A7 /* Debug */ = {
			isa = XCBuildConfiguration;
			buildSettings = {
				ALWAYS_SEARCH_USER_PATHS = NO;
				CLANG_ANALYZER_NONNULL = YES;
				CLANG_ANALYZER_NUMBER_OBJECT_CONVERSION = YES_AGGRESSIVE;
				CLANG_CXX_LANGUAGE_STANDARD = "gnu++14";
				CLANG_CXX_LIBRARY = "libc++";
				CLANG_ENABLE_MODULES = YES;
				CLANG_ENABLE_OBJC_ARC = YES;
				CLANG_ENABLE_OBJC_WEAK = YES;
				CLANG_WARN_BLOCK_CAPTURE_AUTORELEASING = YES;
				CLANG_WARN_BOOL_CONVERSION = YES;
				CLANG_WARN_COMMA = YES;
				CLANG_WARN_CONSTANT_CONVERSION = YES;
				CLANG_WARN_DEPRECATED_OBJC_IMPLEMENTATIONS = YES;
				CLANG_WARN_DIRECT_OBJC_ISA_USAGE = YES_ERROR;
				CLANG_WARN_DOCUMENTATION_COMMENTS = YES;
				CLANG_WARN_EMPTY_BODY = YES;
				CLANG_WARN_ENUM_CONVERSION = YES;
				CLANG_WARN_INFINITE_RECURSION = YES;
				CLANG_WARN_INT_CONVERSION = YES;
				CLANG_WARN_NON_LITERAL_NULL_CONVERSION = YES;
				CLANG_WARN_OBJC_IMPLICIT_RETAIN_SELF = YES;
				CLANG_WARN_OBJC_LITERAL_CONVERSION = YES;
				CLANG_WARN_OBJC_ROOT_CLASS = YES_ERROR;
				CLANG_WARN_RANGE_LOOP_ANALYSIS = YES;
				CLANG_WARN_STRICT_PROTOTYPES = YES;
				CLANG_WARN_SUSPICIOUS_MOVE = YES;
				CLANG_WARN_UNGUARDED_AVAILABILITY = YES_AGGRESSIVE;
				CLANG_WARN_UNREACHABLE_CODE = YES;
				CLANG_WARN__DUPLICATE_METHOD_MATCH = YES;
				COPY_PHASE_STRIP = NO;
				DEBUG_INFORMATION_FORMAT = dwarf;
				ENABLE_STRICT_OBJC_MSGSEND = YES;
				ENABLE_TESTABILITY = YES;
				GCC_C_LANGUAGE_STANDARD = gnu11;
				GCC_DYNAMIC_NO_PIC = NO;
				GCC_NO_COMMON_BLOCKS = YES;
				GCC_OPTIMIZATION_LEVEL = 0;
				GCC_PREPROCESSOR_DEFINITIONS = (
					"DEBUG=1",
					"$(inherited)",
				);
				GCC_WARN_64_TO_32_BIT_CONVERSION = YES;
				GCC_WARN_ABOUT_RETURN_TYPE = YES_ERROR;
				GCC_WARN_UNDECLARED_SELECTOR = YES;
				GCC_WARN_UNINITIALIZED_AUTOS = YES_AGGRESSIVE;
				GCC_WARN_UNUSED_FUNCTION = YES;
				GCC_WARN_UNUSED_VARIABLE = YES;
				IPHONEOS_DEPLOYMENT_TARGET = 13.2;
				MTL_ENABLE_DEBUG_INFO = INCLUDE_SOURCE;
				MTL_FAST_MATH = YES;
				ONLY_ACTIVE_ARCH = YES;
				SDKROOT = iphoneos;
				SWIFT_ACTIVE_COMPILATION_CONDITIONS = DEBUG;
				SWIFT_OPTIMIZATION_LEVEL = "-Onone";
			};
			name = Debug;
		};
		333A58FB240ED3DE003FF6A7 /* Release */ = {
			isa = XCBuildConfiguration;
			buildSettings = {
				ALWAYS_SEARCH_USER_PATHS = NO;
				CLANG_ANALYZER_NONNULL = YES;
				CLANG_ANALYZER_NUMBER_OBJECT_CONVERSION = YES_AGGRESSIVE;
				CLANG_CXX_LANGUAGE_STANDARD = "gnu++14";
				CLANG_CXX_LIBRARY = "libc++";
				CLANG_ENABLE_MODULES = YES;
				CLANG_ENABLE_OBJC_ARC = YES;
				CLANG_ENABLE_OBJC_WEAK = YES;
				CLANG_WARN_BLOCK_CAPTURE_AUTORELEASING = YES;
				CLANG_WARN_BOOL_CONVERSION = YES;
				CLANG_WARN_COMMA = YES;
				CLANG_WARN_CONSTANT_CONVERSION = YES;
				CLANG_WARN_DEPRECATED_OBJC_IMPLEMENTATIONS = YES;
				CLANG_WARN_DIRECT_OBJC_ISA_USAGE = YES_ERROR;
				CLANG_WARN_DOCUMENTATION_COMMENTS = YES;
				CLANG_WARN_EMPTY_BODY = YES;
				CLANG_WARN_ENUM_CONVERSION = YES;
				CLANG_WARN_INFINITE_RECURSION = YES;
				CLANG_WARN_INT_CONVERSION = YES;
				CLANG_WARN_NON_LITERAL_NULL_CONVERSION = YES;
				CLANG_WARN_OBJC_IMPLICIT_RETAIN_SELF = YES;
				CLANG_WARN_OBJC_LITERAL_CONVERSION = YES;
				CLANG_WARN_OBJC_ROOT_CLASS = YES_ERROR;
				CLANG_WARN_RANGE_LOOP_ANALYSIS = YES;
				CLANG_WARN_STRICT_PROTOTYPES = YES;
				CLANG_WARN_SUSPICIOUS_MOVE = YES;
				CLANG_WARN_UNGUARDED_AVAILABILITY = YES_AGGRESSIVE;
				CLANG_WARN_UNREACHABLE_CODE = YES;
				CLANG_WARN__DUPLICATE_METHOD_MATCH = YES;
				COPY_PHASE_STRIP = NO;
				DEBUG_INFORMATION_FORMAT = "dwarf-with-dsym";
				ENABLE_NS_ASSERTIONS = NO;
				ENABLE_STRICT_OBJC_MSGSEND = YES;
				GCC_C_LANGUAGE_STANDARD = gnu11;
				GCC_NO_COMMON_BLOCKS = YES;
				GCC_WARN_64_TO_32_BIT_CONVERSION = YES;
				GCC_WARN_ABOUT_RETURN_TYPE = YES_ERROR;
				GCC_WARN_UNDECLARED_SELECTOR = YES;
				GCC_WARN_UNINITIALIZED_AUTOS = YES_AGGRESSIVE;
				GCC_WARN_UNUSED_FUNCTION = YES;
				GCC_WARN_UNUSED_VARIABLE = YES;
				IPHONEOS_DEPLOYMENT_TARGET = 13.2;
				MTL_ENABLE_DEBUG_INFO = NO;
				MTL_FAST_MATH = YES;
				SDKROOT = iphoneos;
				SWIFT_COMPILATION_MODE = wholemodule;
				SWIFT_OPTIMIZATION_LEVEL = "-O";
				VALIDATE_PRODUCT = YES;
			};
			name = Release;
		};
		333A58FD240ED3DE003FF6A7 /* Debug */ = {
			isa = XCBuildConfiguration;
			buildSettings = {
				ASSETCATALOG_COMPILER_APPICON_NAME = AppIcon;
				CODE_SIGN_STYLE = Automatic;
				DEVELOPMENT_TEAM = 9NY68F4K3P;
				INFOPLIST_FILE = MOB1.2FinalProject/Info.plist;
				LD_RUNPATH_SEARCH_PATHS = (
					"$(inherited)",
					"@executable_path/Frameworks",
				);
				PRODUCT_BUNDLE_IDENTIFIER = "SamuelFolledo.MOB1-2FinalProject";
				PRODUCT_NAME = "$(TARGET_NAME)";
				SWIFT_VERSION = 5.0;
				TARGETED_DEVICE_FAMILY = "1,2";
			};
			name = Debug;
		};
		333A58FE240ED3DE003FF6A7 /* Release */ = {
			isa = XCBuildConfiguration;
			buildSettings = {
				ASSETCATALOG_COMPILER_APPICON_NAME = AppIcon;
				CODE_SIGN_STYLE = Automatic;
				DEVELOPMENT_TEAM = 9NY68F4K3P;
				INFOPLIST_FILE = MOB1.2FinalProject/Info.plist;
				LD_RUNPATH_SEARCH_PATHS = (
					"$(inherited)",
					"@executable_path/Frameworks",
				);
				PRODUCT_BUNDLE_IDENTIFIER = "SamuelFolledo.MOB1-2FinalProject";
				PRODUCT_NAME = "$(TARGET_NAME)";
				SWIFT_VERSION = 5.0;
				TARGETED_DEVICE_FAMILY = "1,2";
			};
			name = Release;
		};
/* End XCBuildConfiguration section */

/* Begin XCConfigurationList section */
		333A58E3240ED3DA003FF6A7 /* Build configuration list for PBXProject "MOB1.2FinalProject" */ = {
			isa = XCConfigurationList;
			buildConfigurations = (
				333A58FA240ED3DE003FF6A7 /* Debug */,
				333A58FB240ED3DE003FF6A7 /* Release */,
			);
			defaultConfigurationIsVisible = 0;
			defaultConfigurationName = Release;
		};
		333A58FC240ED3DE003FF6A7 /* Build configuration list for PBXNativeTarget "MOB1.2FinalProject" */ = {
			isa = XCConfigurationList;
			buildConfigurations = (
				333A58FD240ED3DE003FF6A7 /* Debug */,
				333A58FE240ED3DE003FF6A7 /* Release */,
			);
			defaultConfigurationIsVisible = 0;
			defaultConfigurationName = Release;
		};
/* End XCConfigurationList section */
	};
	rootObject = 333A58E0240ED3DA003FF6A7 /* Project object */;
}
